
Microsoft Visual Studio Solution File, Format Version 12.00
# Visual Studio Version 17
VisualStudioVersion = 17.1.31911.260
MinimumVisualStudioVersion = 10.0.40219.1
Project("{2150E333-8FDC-42A3-9474-1A3956D46DE8}") = "Myrmica.Api", "Myrmica.Api", "{9F0693DF-15AE-4186-B9B3-57C7FEEA4382}"
EndProject
Project("{2150E333-8FDC-42A3-9474-1A3956D46DE8}") = "Myrmica.Entity", "Myrmica.Entity", "{20DC6D7A-33CF-4A62-A2E9-C0A1347F77B7}"
EndProject
Project("{2150E333-8FDC-42A3-9474-1A3956D46DE8}") = "Myrmica.Library", "Myrmica.Library", "{F07469C1-A7DA-4E82-9145-7E97F4DE354D}"
EndProject
Project("{2150E333-8FDC-42A3-9474-1A3956D46DE8}") = "Myrmica.Infrastructure", "Myrmica.Infrastructure", "{3BC5A247-F81F-44FE-9180-EEB76A18CCAF}"
EndProject
Project("{FAE04EC0-301F-11D3-BF4B-00C04F79EFBC}") = "Myrmica.Repository", "src\Myrmica.Repository\Myrmica.Repository.csproj", "{FF5BA047-2268-4BA8-9BF7-65AC752CABBF}"
EndProject
Project("{FAE04EC0-301F-11D3-BF4B-00C04F79EFBC}") = "Myrmica.Service", "src\Myrmica.Service\Myrmica.Service.csproj", "{B9F2C43E-0425-49AF-9C47-F90BAFEB639F}"
EndProject
Project("{FAE04EC0-301F-11D3-BF4B-00C04F79EFBC}") = "Myrmica.Data", "src\Myrmica.Data\Myrmica.Data.csproj", "{30CB46CE-E19E-4BA8-9822-1CD2A7260849}"
EndProject
Project("{FAE04EC0-301F-11D3-BF4B-00C04F79EFBC}") = "Myrmica.Entity", "src\Myrmica.Entity\Myrmica.Entity.csproj", "{36001973-A487-4083-ABBD-46A5BA9D6740}"
EndProject
Project("{FAE04EC0-301F-11D3-BF4B-00C04F79EFBC}") = "Myrmica.Extensions", "src\Myrmica.Extensions\Myrmica.Extensions.csproj", "{9E650290-5780-4B2A-8DFC-BA646F8B20B8}"
EndProject
Project("{FAE04EC0-301F-11D3-BF4B-00C04F79EFBC}") = "Myrmica.Services.Kopee", "src\Myrmica.Services.Kopee\Myrmica.Services.Kopee.csproj", "{878FF2D6-2347-4D1F-A947-2E255460228B}"
EndProject
Global
	GlobalSection(SolutionConfigurationPlatforms) = preSolution
		Debug|Any CPU = Debug|Any CPU
		Release|Any CPU = Release|Any CPU
	EndGlobalSection
	GlobalSection(ProjectConfigurationPlatforms) = postSolution
		{FF5BA047-2268-4BA8-9BF7-65AC752CABBF}.Debug|Any CPU.ActiveCfg = Debug|Any CPU
		{FF5BA047-2268-4BA8-9BF7-65AC752CABBF}.Debug|Any CPU.Build.0 = Debug|Any CPU
		{FF5BA047-2268-4BA8-9BF7-65AC752CABBF}.Release|Any CPU.ActiveCfg = Release|Any CPU
		{FF5BA047-2268-4BA8-9BF7-65AC752CABBF}.Release|Any CPU.Build.0 = Release|Any CPU
		{B9F2C43E-0425-49AF-9C47-F90BAFEB639F}.Debug|Any CPU.ActiveCfg = Debug|Any CPU
		{B9F2C43E-0425-49AF-9C47-F90BAFEB639F}.Debug|Any CPU.Build.0 = Debug|Any CPU
		{B9F2C43E-0425-49AF-9C47-F90BAFEB639F}.Release|Any CPU.ActiveCfg = Release|Any CPU
		{B9F2C43E-0425-49AF-9C47-F90BAFEB639F}.Release|Any CPU.Build.0 = Release|Any CPU
		{30CB46CE-E19E-4BA8-9822-1CD2A7260849}.Debug|Any CPU.ActiveCfg = Debug|Any CPU
		{30CB46CE-E19E-4BA8-9822-1CD2A7260849}.Debug|Any CPU.Build.0 = Debug|Any CPU
		{30CB46CE-E19E-4BA8-9822-1CD2A7260849}.Release|Any CPU.ActiveCfg = Release|Any CPU
		{30CB46CE-E19E-4BA8-9822-1CD2A7260849}.Release|Any CPU.Build.0 = Release|Any CPU
		{36001973-A487-4083-ABBD-46A5BA9D6740}.Debug|Any CPU.ActiveCfg = Debug|Any CPU
		{36001973-A487-4083-ABBD-46A5BA9D6740}.Debug|Any CPU.Build.0 = Debug|Any CPU
		{36001973-A487-4083-ABBD-46A5BA9D6740}.Release|Any CPU.ActiveCfg = Release|Any CPU
		{36001973-A487-4083-ABBD-46A5BA9D6740}.Release|Any CPU.Build.0 = Release|Any CPU
		{9E650290-5780-4B2A-8DFC-BA646F8B20B8}.Debug|Any CPU.ActiveCfg = Debug|Any CPU
		{9E650290-5780-4B2A-8DFC-BA646F8B20B8}.Debug|Any CPU.Build.0 = Debug|Any CPU
		{9E650290-5780-4B2A-8DFC-BA646F8B20B8}.Release|Any CPU.ActiveCfg = Release|Any CPU
		{9E650290-5780-4B2A-8DFC-BA646F8B20B8}.Release|Any CPU.Build.0 = Release|Any CPU
		{878FF2D6-2347-4D1F-A947-2E255460228B}.Debug|Any CPU.ActiveCfg = Debug|Any CPU
		{878FF2D6-2347-4D1F-A947-2E255460228B}.Debug|Any CPU.Build.0 = Debug|Any CPU
		{878FF2D6-2347-4D1F-A947-2E255460228B}.Release|Any CPU.ActiveCfg = Release|Any CPU
		{878FF2D6-2347-4D1F-A947-2E255460228B}.Release|Any CPU.Build.0 = Release|Any CPU
	EndGlobalSection
	GlobalSection(SolutionProperties) = preSolution
		HideSolutionNode = FALSE
	EndGlobalSection
	GlobalSection(NestedProjects) = preSolution
		{FF5BA047-2268-4BA8-9BF7-65AC752CABBF} = {3BC5A247-F81F-44FE-9180-EEB76A18CCAF}
		{B9F2C43E-0425-49AF-9C47-F90BAFEB639F} = {3BC5A247-F81F-44FE-9180-EEB76A18CCAF}
		{30CB46CE-E19E-4BA8-9822-1CD2A7260849} = {F07469C1-A7DA-4E82-9145-7E97F4DE354D}
		{36001973-A487-4083-ABBD-46A5BA9D6740} = {20DC6D7A-33CF-4A62-A2E9-C0A1347F77B7}
		{9E650290-5780-4B2A-8DFC-BA646F8B20B8} = {F07469C1-A7DA-4E82-9145-7E97F4DE354D}
		{878FF2D6-2347-4D1F-A947-2E255460228B} = {9F0693DF-15AE-4186-B9B3-57C7FEEA4382}
	EndGlobalSection
	GlobalSection(ExtensibilityGlobals) = postSolution
		SolutionGuid = {F776D26B-4D45-4E80-8754-4E1465C08A2F}
	EndGlobalSection
EndGlobal
